github.com/Joaoazevedo-JS/GoArray v0.0.0-20221015220630-804b66e47426 h1:TQHrXOFzqSzZk1cH3A4pc2CqZC2tHXhCV2I6xtvnPDc=
github.com/Joaoazevedo-JS/GoArray v0.0.0-20221015220630-804b66e47426/go.mod h1:osG17yRjOSorntOH1cC7UucV/qw9fvKUNwPFsml7/NA=
github.com/Joaoazevedo-JS/GoArray v0.0.0-20221015222805-76c37dffe9e8 h1:1MTX7rnnFMRXmhdOCG2wYXBmDrUkXy8lmK/gYcqZyE0=
github.com/Joaoazevedo-JS/GoArray v0.0.0-20221015222805-76c37dffe9e8/go.mod h1:4awReHlry8mXSaf9BNMAfFMWk941VL8cIzvSf4Wh6DY=
